PODS:
  - Alamofire (5.4.1)
  - KVKCalendar (0.5.1)
  - MBProgressHUD (1.2.0)
  - SwiftKeychainWrapper (4.0.1)

DEPENDENCIES:
  - Alamofire
  - KVKCalendar
  - MBProgressHUD
  - SwiftKeychainWrapper

SPEC REPOS:
  trunk:
    - Alamofire
    - KVKCalendar
    - MBProgressHUD
    - SwiftKeychainWrapper

SPEC CHECKSUMS:
  Alamofire: 2291f7d21ca607c491dd17642e5d40fdcda0e65c
  KVKCalendar: f128a3d801b1ee3c5b255b8fe2b8deda442f044b
  MBProgressHUD: 3ee5efcc380f6a79a7cc9b363dd669c5e1ae7406
  SwiftKeychainWrapper: 807ba1d63c33a7d0613288512399cd1eda1e470c

PODFILE CHECKSUM: 93ddf0ff25ffcad15ef0146e2f35026788312989

COCOAPODS: 1.10.1
