// !$*UTF8*$!
{
	archiveVersion = 1;
	classes = {
	};
	objectVersion = 51;
	objects = {

/* Begin PBXBuildFile section */
		783017BF2628B8870030BA9F /* AppDelegate.swift in Sources */ = {isa = PBXBuildFile; fileRef = 783017BE2628B8870030BA9F /* AppDelegate.swift */; };
		783017C12628B8870030BA9F /* SceneDelegate.swift in Sources */ = {isa = PBXBuildFile; fileRef = 783017C02628B8870030BA9F /* SceneDelegate.swift */; };
		783017C32628B8870030BA9F /* SignInController.swift in Sources */ = {isa = PBXBuildFile; fileRef = 783017C22628B8870030BA9F /* SignInController.swift */; };
		783017C82628B88D0030BA9F /* Assets.xcassets in Resources */ = {isa = PBXBuildFile; fileRef = 783017C72628B88D0030BA9F /* Assets.xcassets */; };
		783017CB2628B88D0030BA9F /* LaunchScreen.storyboard in Resources */ = {isa = PBXBuildFile; fileRef = 783017C92628B88D0030BA9F /* LaunchScreen.storyboard */; };
		783017D62628B88D0030BA9F /* ArrimoTests.swift in Sources */ = {isa = PBXBuildFile; fileRef = 783017D52628B88D0030BA9F /* ArrimoTests.swift */; };
		783017E12628B88E0030BA9F /* ArrimoUITests.swift in Sources */ = {isa = PBXBuildFile; fileRef = 783017E02628B88E0030BA9F /* ArrimoUITests.swift */; };
		783018022628BB610030BA9F /* Colors.swift in Sources */ = {isa = PBXBuildFile; fileRef = 783018012628BB610030BA9F /* Colors.swift */; };
		7830182026296C6E0030BA9F /* Tektur-ExtraBold.ttf in Resources */ = {isa = PBXBuildFile; fileRef = 7830180826296C6C0030BA9F /* Tektur-ExtraBold.ttf */; };
		7830182126296C6E0030BA9F /* Tektur-SemiBold.ttf in Resources */ = {isa = PBXBuildFile; fileRef = 7830180926296C6C0030BA9F /* Tektur-SemiBold.ttf */; };
		7830182226296C6E0030BA9F /* Tektur-Bold.ttf in Resources */ = {isa = PBXBuildFile; fileRef = 7830180A26296C6C0030BA9F /* Tektur-Bold.ttf */; };
		7830182326296C6E0030BA9F /* Tektur-Regular.ttf in Resources */ = {isa = PBXBuildFile; fileRef = 7830180B26296C6C0030BA9F /* Tektur-Regular.ttf */; };
		7830182426296C6E0030BA9F /* Tektur-Black.ttf in Resources */ = {isa = PBXBuildFile; fileRef = 7830180C26296C6C0030BA9F /* Tektur-Black.ttf */; };
		7830182526296C6E0030BA9F /* Tektur-Medium.ttf in Resources */ = {isa = PBXBuildFile; fileRef = 7830180D26296C6C0030BA9F /* Tektur-Medium.ttf */; };
		7830182C26296C6E0030BA9F /* Kufam-Bold.ttf in Resources */ = {isa = PBXBuildFile; fileRef = 7830181626296C6D0030BA9F /* Kufam-Bold.ttf */; };
		7830182D26296C6E0030BA9F /* Kufam-BlackItalic.ttf in Resources */ = {isa = PBXBuildFile; fileRef = 7830181726296C6D0030BA9F /* Kufam-BlackItalic.ttf */; };
		7830182E26296C6E0030BA9F /* Kufam-MediumItalic.ttf in Resources */ = {isa = PBXBuildFile; fileRef = 7830181826296C6D0030BA9F /* Kufam-MediumItalic.ttf */; };
		7830182F26296C6E0030BA9F /* Kufam-Medium.ttf in Resources */ = {isa = PBXBuildFile; fileRef = 7830181926296C6D0030BA9F /* Kufam-Medium.ttf */; };
		7830183026296C6E0030BA9F /* Kufam-Italic.ttf in Resources */ = {isa = PBXBuildFile; fileRef = 7830181A26296C6D0030BA9F /* Kufam-Italic.ttf */; };
		7830183126296C6E0030BA9F /* Kufam-SemiBoldItalic.ttf in Resources */ = {isa = PBXBuildFile; fileRef = 7830181B26296C6D0030BA9F /* Kufam-SemiBoldItalic.ttf */; };
		7830183226296C6E0030BA9F /* Kufam-Regular.ttf in Resources */ = {isa = PBXBuildFile; fileRef = 7830181C26296C6D0030BA9F /* Kufam-Regular.ttf */; };
		7830183326296C6E0030BA9F /* Kufam-Black.ttf in Resources */ = {isa = PBXBuildFile; fileRef = 7830181D26296C6D0030BA9F /* Kufam-Black.ttf */; };
		7830183426296C6E0030BA9F /* Kufam-SemiBold.ttf in Resources */ = {isa = PBXBuildFile; fileRef = 7830181E26296C6D0030BA9F /* Kufam-SemiBold.ttf */; };
		7830183526296C6E0030BA9F /* Kufam-BoldItalic.ttf in Resources */ = {isa = PBXBuildFile; fileRef = 7830181F26296C6D0030BA9F /* Kufam-BoldItalic.ttf */; };
		78301841262970420030BA9F /* Fonts.swift in Sources */ = {isa = PBXBuildFile; fileRef = 78301840262970420030BA9F /* Fonts.swift */; };
		78608636262DA201009AC4DC /* MainTextField.swift in Sources */ = {isa = PBXBuildFile; fileRef = 78608635262DA201009AC4DC /* MainTextField.swift */; };
		78608644262DA98D009AC4DC /* MainButton.swift in Sources */ = {isa = PBXBuildFile; fileRef = 78608643262DA98D009AC4DC /* MainButton.swift */; };
		78608649262DA9E1009AC4DC /* UIViewController.swift in Sources */ = {isa = PBXBuildFile; fileRef = 78608648262DA9E1009AC4DC /* UIViewController.swift */; };
		7860864E262DAD2C009AC4DC /* ForgotPasswordController.swift in Sources */ = {isa = PBXBuildFile; fileRef = 7860864D262DAD2C009AC4DC /* ForgotPasswordController.swift */; };
		7860868D262F198B009AC4DC /* WelcomeController.swift in Sources */ = {isa = PBXBuildFile; fileRef = 7860868C262F198B009AC4DC /* WelcomeController.swift */; };
		786086A5263047C4009AC4DC /* StartCommuteController.swift in Sources */ = {isa = PBXBuildFile; fileRef = 786086A4263047C4009AC4DC /* StartCommuteController.swift */; };
		786086AA26304853009AC4DC /* MainOrangeButton.swift in Sources */ = {isa = PBXBuildFile; fileRef = 786086A926304853009AC4DC /* MainOrangeButton.swift */; };
		786086B226308F5D009AC4DC /* ArrivedController.swift in Sources */ = {isa = PBXBuildFile; fileRef = 786086B126308F5D009AC4DC /* ArrivedController.swift */; };
		78A1F0EE262986310071958C /* Localizable.strings in Resources */ = {isa = PBXBuildFile; fileRef = 78A1F0F0262986310071958C /* Localizable.strings */; };
		78A1F0F9262986540071958C /* Strings.swift in Sources */ = {isa = PBXBuildFile; fileRef = 78A1F0F8262986540071958C /* Strings.swift */; };
		A1CA7352641577C28A2CEBFD /* Pods_ArrimoTests.framework in Frameworks */ = {isa = PBXBuildFile; fileRef = 2D05C5F524209CE3C46C83ED /* Pods_ArrimoTests.framework */; };
		BB4A9D26FA54A0FA93F7D065 /* Pods_Arrimo_ArrimoUITests.framework in Frameworks */ = {isa = PBXBuildFile; fileRef = D1B6B855F879386714F2CB0A /* Pods_Arrimo_ArrimoUITests.framework */; };
		F97DB409157E29B46DF898B4 /* Pods_Arrimo.framework in Frameworks */ = {isa = PBXBuildFile; fileRef = F361ACC44D3D7E7705255C6D /* Pods_Arrimo.framework */; };
/* End PBXBuildFile section */

/* Begin PBXContainerItemProxy section */
		783017D22628B88D0030BA9F /* PBXContainerItemProxy */ = {
			isa = PBXContainerItemProxy;
			containerPortal = 783017B32628B8870030BA9F /* Project object */;
			proxyType = 1;
			remoteGlobalIDString = 783017BA2628B8870030BA9F;
			remoteInfo = Arrimo;
		};
		783017DD2628B88D0030BA9F /* PBXContainerItemProxy */ = {
			isa = PBXContainerItemProxy;
			containerPortal = 783017B32628B8870030BA9F /* Project object */;
			proxyType = 1;
			remoteGlobalIDString = 783017BA2628B8870030BA9F;
			remoteInfo = Arrimo;
		};
/* End PBXContainerItemProxy section */

/* Begin PBXFileReference section */
		0D8C899DA73E51DB2A9F5EB2 /* Pods-Arrimo.debug.xcconfig */ = {isa = PBXFileReference; includeInIndex = 1; lastKnownFileType = text.xcconfig; name = "Pods-Arrimo.debug.xcconfig"; path = "Target Support Files/Pods-Arrimo/Pods-Arrimo.debug.xcconfig"; sourceTree = "<group>"; };
		2D05C5F524209CE3C46C83ED /* Pods_ArrimoTests.framework */ = {isa = PBXFileReference; explicitFileType = wrapper.framework; includeInIndex = 0; path = Pods_ArrimoTests.framework; sourceTree = BUILT_PRODUCTS_DIR; };
		3AA43B3FBC993C9B9CD456E8 /* Pods-ArrimoTests.release.xcconfig */ = {isa = PBXFileReference; includeInIndex = 1; lastKnownFileType = text.xcconfig; name = "Pods-ArrimoTests.release.xcconfig"; path = "Target Support Files/Pods-ArrimoTests/Pods-ArrimoTests.release.xcconfig"; sourceTree = "<group>"; };
		4827BDA2BDBEBBDE96884378 /* Pods-Arrimo-ArrimoUITests.debug.xcconfig */ = {isa = PBXFileReference; includeInIndex = 1; lastKnownFileType = text.xcconfig; name = "Pods-Arrimo-ArrimoUITests.debug.xcconfig"; path = "Target Support Files/Pods-Arrimo-ArrimoUITests/Pods-Arrimo-ArrimoUITests.debug.xcconfig"; sourceTree = "<group>"; };
		783017BB2628B8870030BA9F /* Arrimo.app */ = {isa = PBXFileReference; explicitFileType = wrapper.application; includeInIndex = 0; path = Arrimo.app; sourceTree = BUILT_PRODUCTS_DIR; };
		783017BE2628B8870030BA9F /* AppDelegate.swift */ = {isa = PBXFileReference; lastKnownFileType = sourcecode.swift; path = AppDelegate.swift; sourceTree = "<group>"; };
		783017C02628B8870030BA9F /* SceneDelegate.swift */ = {isa = PBXFileReference; lastKnownFileType = sourcecode.swift; path = SceneDelegate.swift; sourceTree = "<group>"; };
		783017C22628B8870030BA9F /* SignInController.swift */ = {isa = PBXFileReference; lastKnownFileType = sourcecode.swift; path = SignInController.swift; sourceTree = "<group>"; };
		783017C72628B88D0030BA9F /* Assets.xcassets */ = {isa = PBXFileReference; lastKnownFileType = folder.assetcatalog; path = Assets.xcassets; sourceTree = "<group>"; };
		783017CA2628B88D0030BA9F /* Base */ = {isa = PBXFileReference; lastKnownFileType = file.storyboard; name = Base; path = Base.lproj/LaunchScreen.storyboard; sourceTree = "<group>"; };
		783017CC2628B88D0030BA9F /* Info.plist */ = {isa = PBXFileReference; lastKnownFileType = text.plist.xml; path = Info.plist; sourceTree = "<group>"; };
		783017D12628B88D0030BA9F /* ArrimoTests.xctest */ = {isa = PBXFileReference; explicitFileType = wrapper.cfbundle; includeInIndex = 0; path = ArrimoTests.xctest; sourceTree = BUILT_PRODUCTS_DIR; };
		783017D52628B88D0030BA9F /* ArrimoTests.swift */ = {isa = PBXFileReference; lastKnownFileType = sourcecode.swift; path = ArrimoTests.swift; sourceTree = "<group>"; };
		783017D72628B88D0030BA9F /* Info.plist */ = {isa = PBXFileReference; lastKnownFileType = text.plist.xml; path = Info.plist; sourceTree = "<group>"; };
		783017DC2628B88D0030BA9F /* ArrimoUITests.xctest */ = {isa = PBXFileReference; explicitFileType = wrapper.cfbundle; includeInIndex = 0; path = ArrimoUITests.xctest; sourceTree = BUILT_PRODUCTS_DIR; };
		783017E02628B88E0030BA9F /* ArrimoUITests.swift */ = {isa = PBXFileReference; lastKnownFileType = sourcecode.swift; path = ArrimoUITests.swift; sourceTree = "<group>"; };
		783017E22628B88E0030BA9F /* Info.plist */ = {isa = PBXFileReference; lastKnownFileType = text.plist.xml; path = Info.plist; sourceTree = "<group>"; };
		783018012628BB610030BA9F /* Colors.swift */ = {isa = PBXFileReference; lastKnownFileType = sourcecode.swift; path = Colors.swift; sourceTree = "<group>"; };
		7830180826296C6C0030BA9F /* Tektur-ExtraBold.ttf */ = {isa = PBXFileReference; lastKnownFileType = file; path = "Tektur-ExtraBold.ttf"; sourceTree = "<group>"; };
		7830180926296C6C0030BA9F /* Tektur-SemiBold.ttf */ = {isa = PBXFileReference; lastKnownFileType = file; path = "Tektur-SemiBold.ttf"; sourceTree = "<group>"; };
		7830180A26296C6C0030BA9F /* Tektur-Bold.ttf */ = {isa = PBXFileReference; lastKnownFileType = file; path = "Tektur-Bold.ttf"; sourceTree = "<group>"; };
		7830180B26296C6C0030BA9F /* Tektur-Regular.ttf */ = {isa = PBXFileReference; lastKnownFileType = file; path = "Tektur-Regular.ttf"; sourceTree = "<group>"; };
		7830180C26296C6C0030BA9F /* Tektur-Black.ttf */ = {isa = PBXFileReference; lastKnownFileType = file; path = "Tektur-Black.ttf"; sourceTree = "<group>"; };
		7830180D26296C6C0030BA9F /* Tektur-Medium.ttf */ = {isa = PBXFileReference; lastKnownFileType = file; path = "Tektur-Medium.ttf"; sourceTree = "<group>"; };
		7830181626296C6D0030BA9F /* Kufam-Bold.ttf */ = {isa = PBXFileReference; lastKnownFileType = file; path = "Kufam-Bold.ttf"; sourceTree = "<group>"; };
		7830181726296C6D0030BA9F /* Kufam-BlackItalic.ttf */ = {isa = PBXFileReference; lastKnownFileType = file; path = "Kufam-BlackItalic.ttf"; sourceTree = "<group>"; };
		7830181826296C6D0030BA9F /* Kufam-MediumItalic.ttf */ = {isa = PBXFileReference; lastKnownFileType = file; path = "Kufam-MediumItalic.ttf"; sourceTree = "<group>"; };
		7830181926296C6D0030BA9F /* Kufam-Medium.ttf */ = {isa = PBXFileReference; lastKnownFileType = file; path = "Kufam-Medium.ttf"; sourceTree = "<group>"; };
		7830181A26296C6D0030BA9F /* Kufam-Italic.ttf */ = {isa = PBXFileReference; lastKnownFileType = file; path = "Kufam-Italic.ttf"; sourceTree = "<group>"; };
		7830181B26296C6D0030BA9F /* Kufam-SemiBoldItalic.ttf */ = {isa = PBXFileReference; lastKnownFileType = file; path = "Kufam-SemiBoldItalic.ttf"; sourceTree = "<group>"; };
		7830181C26296C6D0030BA9F /* Kufam-Regular.ttf */ = {isa = PBXFileReference; lastKnownFileType = file; path = "Kufam-Regular.ttf"; sourceTree = "<group>"; };
		7830181D26296C6D0030BA9F /* Kufam-Black.ttf */ = {isa = PBXFileReference; lastKnownFileType = file; path = "Kufam-Black.ttf"; sourceTree = "<group>"; };
		7830181E26296C6D0030BA9F /* Kufam-SemiBold.ttf */ = {isa = PBXFileReference; lastKnownFileType = file; path = "Kufam-SemiBold.ttf"; sourceTree = "<group>"; };
		7830181F26296C6D0030BA9F /* Kufam-BoldItalic.ttf */ = {isa = PBXFileReference; lastKnownFileType = file; path = "Kufam-BoldItalic.ttf"; sourceTree = "<group>"; };
		78301840262970420030BA9F /* Fonts.swift */ = {isa = PBXFileReference; lastKnownFileType = sourcecode.swift; path = Fonts.swift; sourceTree = "<group>"; };
		78608635262DA201009AC4DC /* MainTextField.swift */ = {isa = PBXFileReference; lastKnownFileType = sourcecode.swift; path = MainTextField.swift; sourceTree = "<group>"; };
		78608643262DA98D009AC4DC /* MainButton.swift */ = {isa = PBXFileReference; lastKnownFileType = sourcecode.swift; path = MainButton.swift; sourceTree = "<group>"; };
		78608648262DA9E1009AC4DC /* UIViewController.swift */ = {isa = PBXFileReference; lastKnownFileType = sourcecode.swift; path = UIViewController.swift; sourceTree = "<group>"; };
		7860864D262DAD2C009AC4DC /* ForgotPasswordController.swift */ = {isa = PBXFileReference; lastKnownFileType = sourcecode.swift; path = ForgotPasswordController.swift; sourceTree = "<group>"; };
		78608666262E0A5B009AC4DC /* Arrimo.entitlements */ = {isa = PBXFileReference; lastKnownFileType = text.plist.entitlements; path = Arrimo.entitlements; sourceTree = "<group>"; };
		7860868C262F198B009AC4DC /* WelcomeController.swift */ = {isa = PBXFileReference; lastKnownFileType = sourcecode.swift; path = WelcomeController.swift; sourceTree = "<group>"; };
		786086A4263047C4009AC4DC /* StartCommuteController.swift */ = {isa = PBXFileReference; lastKnownFileType = sourcecode.swift; path = StartCommuteController.swift; sourceTree = "<group>"; };
		786086A926304853009AC4DC /* MainOrangeButton.swift */ = {isa = PBXFileReference; lastKnownFileType = sourcecode.swift; path = MainOrangeButton.swift; sourceTree = "<group>"; };
		786086B126308F5D009AC4DC /* ArrivedController.swift */ = {isa = PBXFileReference; lastKnownFileType = sourcecode.swift; path = ArrivedController.swift; sourceTree = "<group>"; };
		78A1F0EF262986310071958C /* en */ = {isa = PBXFileReference; lastKnownFileType = text.plist.strings; name = en; path = en.lproj/Localizable.strings; sourceTree = "<group>"; };
		78A1F0F4262986420071958C /* de */ = {isa = PBXFileReference; lastKnownFileType = text.plist.strings; name = de; path = de.lproj/Localizable.strings; sourceTree = "<group>"; };
		78A1F0F8262986540071958C /* Strings.swift */ = {isa = PBXFileReference; lastKnownFileType = sourcecode.swift; path = Strings.swift; sourceTree = "<group>"; };
		D1B6B855F879386714F2CB0A /* Pods_Arrimo_ArrimoUITests.framework */ = {isa = PBXFileReference; explicitFileType = wrapper.framework; includeInIndex = 0; path = Pods_Arrimo_ArrimoUITests.framework; sourceTree = BUILT_PRODUCTS_DIR; };
		E4BB4CF1C0BADC9FF7DA582A /* Pods-Arrimo.release.xcconfig */ = {isa = PBXFileReference; includeInIndex = 1; lastKnownFileType = text.xcconfig; name = "Pods-Arrimo.release.xcconfig"; path = "Target Support Files/Pods-Arrimo/Pods-Arrimo.release.xcconfig"; sourceTree = "<group>"; };
		E7FB145EC7EBA6E192E26213 /* Pods-ArrimoTests.debug.xcconfig */ = {isa = PBXFileReference; includeInIndex = 1; lastKnownFileType = text.xcconfig; name = "Pods-ArrimoTests.debug.xcconfig"; path = "Target Support Files/Pods-ArrimoTests/Pods-ArrimoTests.debug.xcconfig"; sourceTree = "<group>"; };
		F361ACC44D3D7E7705255C6D /* Pods_Arrimo.framework */ = {isa = PBXFileReference; explicitFileType = wrapper.framework; includeInIndex = 0; path = Pods_Arrimo.framework; sourceTree = BUILT_PRODUCTS_DIR; };
		FEA7A619D65505AF37A14997 /* Pods-Arrimo-ArrimoUITests.release.xcconfig */ = {isa = PBXFileReference; includeInIndex = 1; lastKnownFileType = text.xcconfig; name = "Pods-Arrimo-ArrimoUITests.release.xcconfig"; path = "Target Support Files/Pods-Arrimo-ArrimoUITests/Pods-Arrimo-ArrimoUITests.release.xcconfig"; sourceTree = "<group>"; };
/* End PBXFileReference section */

/* Begin PBXFrameworksBuildPhase section */
		783017B82628B8870030BA9F /* Frameworks */ = {
			isa = PBXFrameworksBuildPhase;
			buildActionMask = 2147483647;
			files = (
				F97DB409157E29B46DF898B4 /* Pods_Arrimo.framework in Frameworks */,
			);
			runOnlyForDeploymentPostprocessing = 0;
		};
		783017CE2628B88D0030BA9F /* Frameworks */ = {
			isa = PBXFrameworksBuildPhase;
			buildActionMask = 2147483647;
			files = (
				A1CA7352641577C28A2CEBFD /* Pods_ArrimoTests.framework in Frameworks */,
			);
			runOnlyForDeploymentPostprocessing = 0;
		};
		783017D92628B88D0030BA9F /* Frameworks */ = {
			isa = PBXFrameworksBuildPhase;
			buildActionMask = 2147483647;
			files = (
				BB4A9D26FA54A0FA93F7D065 /* Pods_Arrimo_ArrimoUITests.framework in Frameworks */,
			);
			runOnlyForDeploymentPostprocessing = 0;
		};
/* End PBXFrameworksBuildPhase section */

/* Begin PBXGroup section */
		4AC8CF9FD8D6E0EE7AD43A48 /* Pods */ = {
			isa = PBXGroup;
			children = (
				0D8C899DA73E51DB2A9F5EB2 /* Pods-Arrimo.debug.xcconfig */,
				E4BB4CF1C0BADC9FF7DA582A /* Pods-Arrimo.release.xcconfig */,
				4827BDA2BDBEBBDE96884378 /* Pods-Arrimo-ArrimoUITests.debug.xcconfig */,
				FEA7A619D65505AF37A14997 /* Pods-Arrimo-ArrimoUITests.release.xcconfig */,
				E7FB145EC7EBA6E192E26213 /* Pods-ArrimoTests.debug.xcconfig */,
				3AA43B3FBC993C9B9CD456E8 /* Pods-ArrimoTests.release.xcconfig */,
			);
			path = Pods;
			sourceTree = "<group>";
		};
		783017B22628B8870030BA9F = {
			isa = PBXGroup;
			children = (
				783017BD2628B8870030BA9F /* Arrimo */,
				783017D42628B88D0030BA9F /* ArrimoTests */,
				783017DF2628B88D0030BA9F /* ArrimoUITests */,
				783017BC2628B8870030BA9F /* Products */,
				4AC8CF9FD8D6E0EE7AD43A48 /* Pods */,
				B334652A62766C8C619AC6CE /* Frameworks */,
			);
			sourceTree = "<group>";
		};
		783017BC2628B8870030BA9F /* Products */ = {
			isa = PBXGroup;
			children = (
				783017BB2628B8870030BA9F /* Arrimo.app */,
				783017D12628B88D0030BA9F /* ArrimoTests.xctest */,
				783017DC2628B88D0030BA9F /* ArrimoUITests.xctest */,
			);
			name = Products;
			sourceTree = "<group>";
		};
		783017BD2628B8870030BA9F /* Arrimo */ = {
			isa = PBXGroup;
			children = (
				78608666262E0A5B009AC4DC /* Arrimo.entitlements */,
				783017F62628B9BA0030BA9F /* Models */,
				783017F52628B9B00030BA9F /* Views */,
				783017F42628B9960030BA9F /* Controllers */,
				783017F72628B9C10030BA9F /* Network Manager */,
				783017FA2628B9DD0030BA9F /* Supporting Files */,
				783017F82628B9CA0030BA9F /* Resources */,
				783017F92628B9D40030BA9F /* Startup */,
			);
			path = Arrimo;
			sourceTree = "<group>";
		};
		783017D42628B88D0030BA9F /* ArrimoTests */ = {
			isa = PBXGroup;
			children = (
				783017D52628B88D0030BA9F /* ArrimoTests.swift */,
				783017D72628B88D0030BA9F /* Info.plist */,
			);
			path = ArrimoTests;
			sourceTree = "<group>";
		};
		783017DF2628B88D0030BA9F /* ArrimoUITests */ = {
			isa = PBXGroup;
			children = (
				783017E02628B88E0030BA9F /* ArrimoUITests.swift */,
				783017E22628B88E0030BA9F /* Info.plist */,
			);
			path = ArrimoUITests;
			sourceTree = "<group>";
		};
		783017F42628B9960030BA9F /* Controllers */ = {
			isa = PBXGroup;
			children = (
				786086A326304759009AC4DC /* Auth */,
				7860868C262F198B009AC4DC /* WelcomeController.swift */,
				786086A4263047C4009AC4DC /* StartCommuteController.swift */,
				786086B126308F5D009AC4DC /* ArrivedController.swift */,
			);
			path = Controllers;
			sourceTree = "<group>";
		};
		783017F52628B9B00030BA9F /* Views */ = {
			isa = PBXGroup;
			children = (
			);
			path = Views;
			sourceTree = "<group>";
		};
		783017F62628B9BA0030BA9F /* Models */ = {
			isa = PBXGroup;
			children = (
			);
			path = Models;
			sourceTree = "<group>";
		};
		783017F72628B9C10030BA9F /* Network Manager */ = {
			isa = PBXGroup;
			children = (
			);
			path = "Network Manager";
			sourceTree = "<group>";
		};
		783017F82628B9CA0030BA9F /* Resources */ = {
			isa = PBXGroup;
			children = (
				78608634262DA1DF009AC4DC /* Objects */,
				7830180626296C550030BA9F /* Fonts */,
				7830183C262970230030BA9F /* Extensions */,
				783017C72628B88D0030BA9F /* Assets.xcassets */,
			);
			path = Resources;
			sourceTree = "<group>";
		};
		783017F92628B9D40030BA9F /* Startup */ = {
			isa = PBXGroup;
			children = (
				783017BE2628B8870030BA9F /* AppDelegate.swift */,
				783017C02628B8870030BA9F /* SceneDelegate.swift */,
			);
			path = Startup;
			sourceTree = "<group>";
		};
		783017FA2628B9DD0030BA9F /* Supporting Files */ = {
			isa = PBXGroup;
			children = (
				78A1F0F0262986310071958C /* Localizable.strings */,
				783017C92628B88D0030BA9F /* LaunchScreen.storyboard */,
				783017CC2628B88D0030BA9F /* Info.plist */,
			);
			path = "Supporting Files";
			sourceTree = "<group>";
		};
		7830180626296C550030BA9F /* Fonts */ = {
			isa = PBXGroup;
			children = (
				7830181526296C6D0030BA9F /* kufam */,
				7830180726296C6C0030BA9F /* tektur */,
			);
			path = Fonts;
			sourceTree = "<group>";
		};
		7830180726296C6C0030BA9F /* tektur */ = {
			isa = PBXGroup;
			children = (
				7830180826296C6C0030BA9F /* Tektur-ExtraBold.ttf */,
				7830180926296C6C0030BA9F /* Tektur-SemiBold.ttf */,
				7830180A26296C6C0030BA9F /* Tektur-Bold.ttf */,
				7830180B26296C6C0030BA9F /* Tektur-Regular.ttf */,
				7830180C26296C6C0030BA9F /* Tektur-Black.ttf */,
				7830180D26296C6C0030BA9F /* Tektur-Medium.ttf */,
			);
			path = tektur;
			sourceTree = "<group>";
		};
		7830181526296C6D0030BA9F /* kufam */ = {
			isa = PBXGroup;
			children = (
				7830181626296C6D0030BA9F /* Kufam-Bold.ttf */,
				7830181726296C6D0030BA9F /* Kufam-BlackItalic.ttf */,
				7830181826296C6D0030BA9F /* Kufam-MediumItalic.ttf */,
				7830181926296C6D0030BA9F /* Kufam-Medium.ttf */,
				7830181A26296C6D0030BA9F /* Kufam-Italic.ttf */,
				7830181B26296C6D0030BA9F /* Kufam-SemiBoldItalic.ttf */,
				7830181C26296C6D0030BA9F /* Kufam-Regular.ttf */,
				7830181D26296C6D0030BA9F /* Kufam-Black.ttf */,
				7830181E26296C6D0030BA9F /* Kufam-SemiBold.ttf */,
				7830181F26296C6D0030BA9F /* Kufam-BoldItalic.ttf */,
			);
			path = kufam;
			sourceTree = "<group>";
		};
		7830183C262970230030BA9F /* Extensions */ = {
			isa = PBXGroup;
			children = (
				783018012628BB610030BA9F /* Colors.swift */,
				78301840262970420030BA9F /* Fonts.swift */,
				78A1F0F8262986540071958C /* Strings.swift */,
				78608648262DA9E1009AC4DC /* UIViewController.swift */,
			);
			path = Extensions;
			sourceTree = "<group>";
		};
		78608634262DA1DF009AC4DC /* Objects */ = {
			isa = PBXGroup;
			children = (
				78608635262DA201009AC4DC /* MainTextField.swift */,
				78608643262DA98D009AC4DC /* MainButton.swift */,
				786086A926304853009AC4DC /* MainOrangeButton.swift */,
			);
			path = Objects;
			sourceTree = "<group>";
		};
		786086A326304759009AC4DC /* Auth */ = {
			isa = PBXGroup;
			children = (
				783017C22628B8870030BA9F /* SignInController.swift */,
				7860864D262DAD2C009AC4DC /* ForgotPasswordController.swift */,
			);
			path = Auth;
			sourceTree = "<group>";
		};
		B334652A62766C8C619AC6CE /* Frameworks */ = {
			isa = PBXGroup;
			children = (
				F361ACC44D3D7E7705255C6D /* Pods_Arrimo.framework */,
				D1B6B855F879386714F2CB0A /* Pods_Arrimo_ArrimoUITests.framework */,
				2D05C5F524209CE3C46C83ED /* Pods_ArrimoTests.framework */,
			);
			name = Frameworks;
			sourceTree = "<group>";
		};
/* End PBXGroup section */

/* Begin PBXNativeTarget section */
		783017BA2628B8870030BA9F /* Arrimo */ = {
			isa = PBXNativeTarget;
			buildConfigurationList = 783017E52628B88E0030BA9F /* Build configuration list for PBXNativeTarget "Arrimo" */;
			buildPhases = (
				7D4DB44FFECC55AB716B9266 /* [CP] Check Pods Manifest.lock */,
				783017B72628B8870030BA9F /* Sources */,
				783017B82628B8870030BA9F /* Frameworks */,
				783017B92628B8870030BA9F /* Resources */,
				84E8DE7DA8497E1D8700C505 /* [CP] Embed Pods Frameworks */,
			);
			buildRules = (
			);
			dependencies = (
			);
			name = Arrimo;
			productName = Arrimo;
			productReference = 783017BB2628B8870030BA9F /* Arrimo.app */;
			productType = "com.apple.product-type.application";
		};
		783017D02628B88D0030BA9F /* ArrimoTests */ = {
			isa = PBXNativeTarget;
			buildConfigurationList = 783017E82628B88E0030BA9F /* Build configuration list for PBXNativeTarget "ArrimoTests" */;
			buildPhases = (
				5E666E80E645598A4C9D6FFC /* [CP] Check Pods Manifest.lock */,
				783017CD2628B88D0030BA9F /* Sources */,
				783017CE2628B88D0030BA9F /* Frameworks */,
				783017CF2628B88D0030BA9F /* Resources */,
			);
			buildRules = (
			);
			dependencies = (
				783017D32628B88D0030BA9F /* PBXTargetDependency */,
			);
			name = ArrimoTests;
			productName = ArrimoTests;
			productReference = 783017D12628B88D0030BA9F /* ArrimoTests.xctest */;
			productType = "com.apple.product-type.bundle.unit-test";
		};
		783017DB2628B88D0030BA9F /* ArrimoUITests */ = {
			isa = PBXNativeTarget;
			buildConfigurationList = 783017EB2628B88E0030BA9F /* Build configuration list for PBXNativeTarget "ArrimoUITests" */;
			buildPhases = (
				E15F5177EB8BB09813AFEAD4 /* [CP] Check Pods Manifest.lock */,
				783017D82628B88D0030BA9F /* Sources */,
				783017D92628B88D0030BA9F /* Frameworks */,
				783017DA2628B88D0030BA9F /* Resources */,
				F20F7649A6D7B2F55CF18998 /* [CP] Embed Pods Frameworks */,
			);
			buildRules = (
			);
			dependencies = (
				783017DE2628B88D0030BA9F /* PBXTargetDependency */,
			);
			name = ArrimoUITests;
			productName = ArrimoUITests;
			productReference = 783017DC2628B88D0030BA9F /* ArrimoUITests.xctest */;
			productType = "com.apple.product-type.bundle.ui-testing";
		};
/* End PBXNativeTarget section */

/* Begin PBXProject section */
		783017B32628B8870030BA9F /* Project object */ = {
			isa = PBXProject;
			attributes = {
				LastSwiftUpdateCheck = 1240;
				LastUpgradeCheck = 1240;
				TargetAttributes = {
					783017BA2628B8870030BA9F = {
						CreatedOnToolsVersion = 12.4;
					};
					783017D02628B88D0030BA9F = {
						CreatedOnToolsVersion = 12.4;
						TestTargetID = 783017BA2628B8870030BA9F;
					};
					783017DB2628B88D0030BA9F = {
						CreatedOnToolsVersion = 12.4;
						TestTargetID = 783017BA2628B8870030BA9F;
					};
				};
			};
			buildConfigurationList = 783017B62628B8870030BA9F /* Build configuration list for PBXProject "Arrimo" */;
			compatibilityVersion = "Xcode 9.3";
			developmentRegion = en;
			hasScannedForEncodings = 0;
			knownRegions = (
				en,
				Base,
				de,
			);
			mainGroup = 783017B22628B8870030BA9F;
			productRefGroup = 783017BC2628B8870030BA9F /* Products */;
			projectDirPath = "";
			projectRoot = "";
			targets = (
				783017BA2628B8870030BA9F /* Arrimo */,
				783017D02628B88D0030BA9F /* ArrimoTests */,
				783017DB2628B88D0030BA9F /* ArrimoUITests */,
			);
		};
/* End PBXProject section */

/* Begin PBXResourcesBuildPhase section */
		783017B92628B8870030BA9F /* Resources */ = {
			isa = PBXResourcesBuildPhase;
			buildActionMask = 2147483647;
			files = (
				7830183026296C6E0030BA9F /* Kufam-Italic.ttf in Resources */,
				7830183126296C6E0030BA9F /* Kufam-SemiBoldItalic.ttf in Resources */,
				7830182326296C6E0030BA9F /* Tektur-Regular.ttf in Resources */,
				7830183426296C6E0030BA9F /* Kufam-SemiBold.ttf in Resources */,
				783017CB2628B88D0030BA9F /* LaunchScreen.storyboard in Resources */,
				7830182526296C6E0030BA9F /* Tektur-Medium.ttf in Resources */,
				7830182D26296C6E0030BA9F /* Kufam-BlackItalic.ttf in Resources */,
				7830182F26296C6E0030BA9F /* Kufam-Medium.ttf in Resources */,
				7830182426296C6E0030BA9F /* Tektur-Black.ttf in Resources */,
				7830183226296C6E0030BA9F /* Kufam-Regular.ttf in Resources */,
				7830183326296C6E0030BA9F /* Kufam-Black.ttf in Resources */,
				7830182026296C6E0030BA9F /* Tektur-ExtraBold.ttf in Resources */,
				7830182E26296C6E0030BA9F /* Kufam-MediumItalic.ttf in Resources */,
				7830182226296C6E0030BA9F /* Tektur-Bold.ttf in Resources */,
				7830183526296C6E0030BA9F /* Kufam-BoldItalic.ttf in Resources */,
				7830182126296C6E0030BA9F /* Tektur-SemiBold.ttf in Resources */,
				78A1F0EE262986310071958C /* Localizable.strings in Resources */,
				783017C82628B88D0030BA9F /* Assets.xcassets in Resources */,
				7830182C26296C6E0030BA9F /* Kufam-Bold.ttf in Resources */,
			);
			runOnlyForDeploymentPostprocessing = 0;
		};
		783017CF2628B88D0030BA9F /* Resources */ = {
			isa = PBXResourcesBuildPhase;
			buildActionMask = 2147483647;
			files = (
			);
			runOnlyForDeploymentPostprocessing = 0;
		};
		783017DA2628B88D0030BA9F /* Resources */ = {
			isa = PBXResourcesBuildPhase;
			buildActionMask = 2147483647;
			files = (
			);
			runOnlyForDeploymentPostprocessing = 0;
		};
/* End PBXResourcesBuildPhase section */

/* Begin PBXShellScriptBuildPhase section */
		5E666E80E645598A4C9D6FFC /* [CP] Check Pods Manifest.lock */ = {
			isa = PBXShellScriptBuildPhase;
			buildActionMask = 2147483647;
			files = (
			);
			inputFileListPaths = (
			);
			inputPaths = (
				"${PODS_PODFILE_DIR_PATH}/Podfile.lock",
				"${PODS_ROOT}/Manifest.lock",
			);
			name = "[CP] Check Pods Manifest.lock";
			outputFileListPaths = (
			);
			outputPaths = (
				"$(DERIVED_FILE_DIR)/Pods-ArrimoTests-checkManifestLockResult.txt",
			);
			runOnlyForDeploymentPostprocessing = 0;
			shellPath = /bin/sh;
			shellScript = "diff \"${PODS_PODFILE_DIR_PATH}/Podfile.lock\" \"${PODS_ROOT}/Manifest.lock\" > /dev/null\nif [ $? != 0 ] ; then\n    # print error to STDERR\n    echo \"error: The sandbox is not in sync with the Podfile.lock. Run 'pod install' or update your CocoaPods installation.\" >&2\n    exit 1\nfi\n# This output is used by Xcode 'outputs' to avoid re-running this script phase.\necho \"SUCCESS\" > \"${SCRIPT_OUTPUT_FILE_0}\"\n";
			showEnvVarsInLog = 0;
		};
		7D4DB44FFECC55AB716B9266 /* [CP] Check Pods Manifest.lock */ = {
			isa = PBXShellScriptBuildPhase;
			buildActionMask = 2147483647;
			files = (
			);
			inputFileListPaths = (
			);
			inputPaths = (
				"${PODS_PODFILE_DIR_PATH}/Podfile.lock",
				"${PODS_ROOT}/Manifest.lock",
			);
			name = "[CP] Check Pods Manifest.lock";
			outputFileListPaths = (
			);
			outputPaths = (
				"$(DERIVED_FILE_DIR)/Pods-Arrimo-checkManifestLockResult.txt",
			);
			runOnlyForDeploymentPostprocessing = 0;
			shellPath = /bin/sh;
			shellScript = "diff \"${PODS_PODFILE_DIR_PATH}/Podfile.lock\" \"${PODS_ROOT}/Manifest.lock\" > /dev/null\nif [ $? != 0 ] ; then\n    # print error to STDERR\n    echo \"error: The sandbox is not in sync with the Podfile.lock. Run 'pod install' or update your CocoaPods installation.\" >&2\n    exit 1\nfi\n# This output is used by Xcode 'outputs' to avoid re-running this script phase.\necho \"SUCCESS\" > \"${SCRIPT_OUTPUT_FILE_0}\"\n";
			showEnvVarsInLog = 0;
		};
		84E8DE7DA8497E1D8700C505 /* [CP] Embed Pods Frameworks */ = {
			isa = PBXShellScriptBuildPhase;
			buildActionMask = 2147483647;
			files = (
			);
			inputFileListPaths = (
				"${PODS_ROOT}/Target Support Files/Pods-Arrimo/Pods-Arrimo-frameworks-${CONFIGURATION}-input-files.xcfilelist",
			);
			name = "[CP] Embed Pods Frameworks";
			outputFileListPaths = (
				"${PODS_ROOT}/Target Support Files/Pods-Arrimo/Pods-Arrimo-frameworks-${CONFIGURATION}-output-files.xcfilelist",
			);
			runOnlyForDeploymentPostprocessing = 0;
			shellPath = /bin/sh;
			shellScript = "\"${PODS_ROOT}/Target Support Files/Pods-Arrimo/Pods-Arrimo-frameworks.sh\"\n";
			showEnvVarsInLog = 0;
		};
		E15F5177EB8BB09813AFEAD4 /* [CP] Check Pods Manifest.lock */ = {
			isa = PBXShellScriptBuildPhase;
			buildActionMask = 2147483647;
			files = (
			);
			inputFileListPaths = (
			);
			inputPaths = (
				"${PODS_PODFILE_DIR_PATH}/Podfile.lock",
				"${PODS_ROOT}/Manifest.lock",
			);
			name = "[CP] Check Pods Manifest.lock";
			outputFileListPaths = (
			);
			outputPaths = (
				"$(DERIVED_FILE_DIR)/Pods-Arrimo-ArrimoUITests-checkManifestLockResult.txt",
			);
			runOnlyForDeploymentPostprocessing = 0;
			shellPath = /bin/sh;
			shellScript = "diff \"${PODS_PODFILE_DIR_PATH}/Podfile.lock\" \"${PODS_ROOT}/Manifest.lock\" > /dev/null\nif [ $? != 0 ] ; then\n    # print error to STDERR\n    echo \"error: The sandbox is not in sync with the Podfile.lock. Run 'pod install' or update your CocoaPods installation.\" >&2\n    exit 1\nfi\n# This output is used by Xcode 'outputs' to avoid re-running this script phase.\necho \"SUCCESS\" > \"${SCRIPT_OUTPUT_FILE_0}\"\n";
			showEnvVarsInLog = 0;
		};
		F20F7649A6D7B2F55CF18998 /* [CP] Embed Pods Frameworks */ = {
			isa = PBXShellScriptBuildPhase;
			buildActionMask = 2147483647;
			files = (
			);
			inputFileListPaths = (
				"${PODS_ROOT}/Target Support Files/Pods-Arrimo-ArrimoUITests/Pods-Arrimo-ArrimoUITests-frameworks-${CONFIGURATION}-input-files.xcfilelist",
			);
			name = "[CP] Embed Pods Frameworks";
			outputFileListPaths = (
				"${PODS_ROOT}/Target Support Files/Pods-Arrimo-ArrimoUITests/Pods-Arrimo-ArrimoUITests-frameworks-${CONFIGURATION}-output-files.xcfilelist",
			);
			runOnlyForDeploymentPostprocessing = 0;
			shellPath = /bin/sh;
			shellScript = "\"${PODS_ROOT}/Target Support Files/Pods-Arrimo-ArrimoUITests/Pods-Arrimo-ArrimoUITests-frameworks.sh\"\n";
			showEnvVarsInLog = 0;
		};
/* End PBXShellScriptBuildPhase section */

/* Begin PBXSourcesBuildPhase section */
		783017B72628B8870030BA9F /* Sources */ = {
			isa = PBXSourcesBuildPhase;
			buildActionMask = 2147483647;
			files = (
				78608636262DA201009AC4DC /* MainTextField.swift in Sources */,
				783017C32628B8870030BA9F /* SignInController.swift in Sources */,
				78608649262DA9E1009AC4DC /* UIViewController.swift in Sources */,
				78301841262970420030BA9F /* Fonts.swift in Sources */,
				783018022628BB610030BA9F /* Colors.swift in Sources */,
				786086AA26304853009AC4DC /* MainOrangeButton.swift in Sources */,
				7860868D262F198B009AC4DC /* WelcomeController.swift in Sources */,
				786086B226308F5D009AC4DC /* ArrivedController.swift in Sources */,
				7860864E262DAD2C009AC4DC /* ForgotPasswordController.swift in Sources */,
				78608644262DA98D009AC4DC /* MainButton.swift in Sources */,
				783017BF2628B8870030BA9F /* AppDelegate.swift in Sources */,
				78A1F0F9262986540071958C /* Strings.swift in Sources */,
				783017C12628B8870030BA9F /* SceneDelegate.swift in Sources */,
				786086A5263047C4009AC4DC /* StartCommuteController.swift in Sources */,
			);
			runOnlyForDeploymentPostprocessing = 0;
		};
		783017CD2628B88D0030BA9F /* Sources */ = {
			isa = PBXSourcesBuildPhase;
			buildActionMask = 2147483647;
			files = (
				783017D62628B88D0030BA9F /* ArrimoTests.swift in Sources */,
			);
			runOnlyForDeploymentPostprocessing = 0;
		};
		783017D82628B88D0030BA9F /* Sources */ = {
			isa = PBXSourcesBuildPhase;
			buildActionMask = 2147483647;
			files = (
				783017E12628B88E0030BA9F /* ArrimoUITests.swift in Sources */,
			);
			runOnlyForDeploymentPostprocessing = 0;
		};
/* End PBXSourcesBuildPhase section */

/* Begin PBXTargetDependency section */
		783017D32628B88D0030BA9F /* PBXTargetDependency */ = {
			isa = PBXTargetDependency;
			target = 783017BA2628B8870030BA9F /* Arrimo */;
			targetProxy = 783017D22628B88D0030BA9F /* PBXContainerItemProxy */;
		};
		783017DE2628B88D0030BA9F /* PBXTargetDependency */ = {
			isa = PBXTargetDependency;
			target = 783017BA2628B8870030BA9F /* Arrimo */;
			targetProxy = 783017DD2628B88D0030BA9F /* PBXContainerItemProxy */;
		};
/* End PBXTargetDependency section */

/* Begin PBXVariantGroup section */
		783017C92628B88D0030BA9F /* LaunchScreen.storyboard */ = {
			isa = PBXVariantGroup;
			children = (
				783017CA2628B88D0030BA9F /* Base */,
			);
			name = LaunchScreen.storyboard;
			sourceTree = "<group>";
		};
		78A1F0F0262986310071958C /* Localizable.strings */ = {
			isa = PBXVariantGroup;
			children = (
				78A1F0EF262986310071958C /* en */,
				78A1F0F4262986420071958C /* de */,
			);
			name = Localizable.strings;
			sourceTree = "<group>";
		};
/* End PBXVariantGroup section */

/* Begin XCBuildConfiguration section */
		783017E32628B88E0030BA9F /* Debug */ = {
			isa = XCBuildConfiguration;
			buildSettings = {
				ALWAYS_SEARCH_USER_PATHS = NO;
				CLANG_ANALYZER_LOCALIZABILITY_NONLOCALIZED = YES;
				CLANG_ANALYZER_NONNULL = YES;
				CLANG_ANALYZER_NUMBER_OBJECT_CONVERSION = YES_AGGRESSIVE;
				CLANG_CXX_LANGUAGE_STANDARD = "gnu++14";
				CLANG_CXX_LIBRARY = "libc++";
				CLANG_ENABLE_MODULES = YES;
				CLANG_ENABLE_OBJC_ARC = YES;
				CLANG_ENABLE_OBJC_WEAK = YES;
				CLANG_WARN_BLOCK_CAPTURE_AUTORELEASING = YES;
				CLANG_WARN_BOOL_CONVERSION = YES;
				CLANG_WARN_COMMA = YES;
				CLANG_WARN_CONSTANT_CONVERSION = YES;
				CLANG_WARN_DEPRECATED_OBJC_IMPLEMENTATIONS = YES;
				CLANG_WARN_DIRECT_OBJC_ISA_USAGE = YES_ERROR;
				CLANG_WARN_DOCUMENTATION_COMMENTS = YES;
				CLANG_WARN_EMPTY_BODY = YES;
				CLANG_WARN_ENUM_CONVERSION = YES;
				CLANG_WARN_INFINITE_RECURSION = YES;
				CLANG_WARN_INT_CONVERSION = YES;
				CLANG_WARN_NON_LITERAL_NULL_CONVERSION = YES;
				CLANG_WARN_OBJC_IMPLICIT_RETAIN_SELF = YES;
				CLANG_WARN_OBJC_LITERAL_CONVERSION = YES;
				CLANG_WARN_OBJC_ROOT_CLASS = YES_ERROR;
				CLANG_WARN_QUOTED_INCLUDE_IN_FRAMEWORK_HEADER = YES;
				CLANG_WARN_RANGE_LOOP_ANALYSIS = YES;
				CLANG_WARN_STRICT_PROTOTYPES = YES;
				CLANG_WARN_SUSPICIOUS_MOVE = YES;
				CLANG_WARN_UNGUARDED_AVAILABILITY = YES_AGGRESSIVE;
				CLANG_WARN_UNREACHABLE_CODE = YES;
				CLANG_WARN__DUPLICATE_METHOD_MATCH = YES;
				COPY_PHASE_STRIP = NO;
				DEBUG_INFORMATION_FORMAT = dwarf;
				ENABLE_STRICT_OBJC_MSGSEND = YES;
				ENABLE_TESTABILITY = YES;
				GCC_C_LANGUAGE_STANDARD = gnu11;
				GCC_DYNAMIC_NO_PIC = NO;
				GCC_NO_COMMON_BLOCKS = YES;
				GCC_OPTIMIZATION_LEVEL = 0;
				GCC_PREPROCESSOR_DEFINITIONS = (
					"DEBUG=1",
					"$(inherited)",
				);
				GCC_WARN_64_TO_32_BIT_CONVERSION = YES;
				GCC_WARN_ABOUT_RETURN_TYPE = YES_ERROR;
				GCC_WARN_UNDECLARED_SELECTOR = YES;
				GCC_WARN_UNINITIALIZED_AUTOS = YES_AGGRESSIVE;
				GCC_WARN_UNUSED_FUNCTION = YES;
				GCC_WARN_UNUSED_VARIABLE = YES;
				IPHONEOS_DEPLOYMENT_TARGET = 14.4;
				MTL_ENABLE_DEBUG_INFO = INCLUDE_SOURCE;
				MTL_FAST_MATH = YES;
				ONLY_ACTIVE_ARCH = YES;
				SDKROOT = iphoneos;
				SWIFT_ACTIVE_COMPILATION_CONDITIONS = DEBUG;
				SWIFT_OPTIMIZATION_LEVEL = "-Onone";
			};
			name = Debug;
		};
		783017E42628B88E0030BA9F /* Release */ = {
			isa = XCBuildConfiguration;
			buildSettings = {
				ALWAYS_SEARCH_USER_PATHS = NO;
				CLANG_ANALYZER_LOCALIZABILITY_NONLOCALIZED = YES;
				CLANG_ANALYZER_NONNULL = YES;
				CLANG_ANALYZER_NUMBER_OBJECT_CONVERSION = YES_AGGRESSIVE;
				CLANG_CXX_LANGUAGE_STANDARD = "gnu++14";
				CLANG_CXX_LIBRARY = "libc++";
				CLANG_ENABLE_MODULES = YES;
				CLANG_ENABLE_OBJC_ARC = YES;
				CLANG_ENABLE_OBJC_WEAK = YES;
				CLANG_WARN_BLOCK_CAPTURE_AUTORELEASING = YES;
				CLANG_WARN_BOOL_CONVERSION = YES;
				CLANG_WARN_COMMA = YES;
				CLANG_WARN_CONSTANT_CONVERSION = YES;
				CLANG_WARN_DEPRECATED_OBJC_IMPLEMENTATIONS = YES;
				CLANG_WARN_DIRECT_OBJC_ISA_USAGE = YES_ERROR;
				CLANG_WARN_DOCUMENTATION_COMMENTS = YES;
				CLANG_WARN_EMPTY_BODY = YES;
				CLANG_WARN_ENUM_CONVERSION = YES;
				CLANG_WARN_INFINITE_RECURSION = YES;
				CLANG_WARN_INT_CONVERSION = YES;
				CLANG_WARN_NON_LITERAL_NULL_CONVERSION = YES;
				CLANG_WARN_OBJC_IMPLICIT_RETAIN_SELF = YES;
				CLANG_WARN_OBJC_LITERAL_CONVERSION = YES;
				CLANG_WARN_OBJC_ROOT_CLASS = YES_ERROR;
				CLANG_WARN_QUOTED_INCLUDE_IN_FRAMEWORK_HEADER = YES;
				CLANG_WARN_RANGE_LOOP_ANALYSIS = YES;
				CLANG_WARN_STRICT_PROTOTYPES = YES;
				CLANG_WARN_SUSPICIOUS_MOVE = YES;
				CLANG_WARN_UNGUARDED_AVAILABILITY = YES_AGGRESSIVE;
				CLANG_WARN_UNREACHABLE_CODE = YES;
				CLANG_WARN__DUPLICATE_METHOD_MATCH = YES;
				COPY_PHASE_STRIP = NO;
				DEBUG_INFORMATION_FORMAT = "dwarf-with-dsym";
				ENABLE_NS_ASSERTIONS = NO;
				ENABLE_STRICT_OBJC_MSGSEND = YES;
				GCC_C_LANGUAGE_STANDARD = gnu11;
				GCC_NO_COMMON_BLOCKS = YES;
				GCC_WARN_64_TO_32_BIT_CONVERSION = YES;
				GCC_WARN_ABOUT_RETURN_TYPE = YES_ERROR;
				GCC_WARN_UNDECLARED_SELECTOR = YES;
				GCC_WARN_UNINITIALIZED_AUTOS = YES_AGGRESSIVE;
				GCC_WARN_UNUSED_FUNCTION = YES;
				GCC_WARN_UNUSED_VARIABLE = YES;
				IPHONEOS_DEPLOYMENT_TARGET = 14.4;
				MTL_ENABLE_DEBUG_INFO = NO;
				MTL_FAST_MATH = YES;
				SDKROOT = iphoneos;
				SWIFT_COMPILATION_MODE = wholemodule;
				SWIFT_OPTIMIZATION_LEVEL = "-O";
				VALIDATE_PRODUCT = YES;
			};
			name = Release;
		};
		783017E62628B88E0030BA9F /* Debug */ = {
			isa = XCBuildConfiguration;
			baseConfigurationReference = 0D8C899DA73E51DB2A9F5EB2 /* Pods-Arrimo.debug.xcconfig */;
			buildSettings = {
				ASSETCATALOG_COMPILER_APPICON_NAME = AppIcon;
				ASSETCATALOG_COMPILER_GLOBAL_ACCENT_COLOR_NAME = AccentColor;
				CODE_SIGN_ENTITLEMENTS = Arrimo/Arrimo.entitlements;
				CODE_SIGN_STYLE = Automatic;
				CURRENT_PROJECT_VERSION = 2;
				DEVELOPMENT_TEAM = ZH735L9VC9;
				INFOPLIST_FILE = "Arrimo/Supporting Files/Info.plist";
				LD_RUNPATH_SEARCH_PATHS = (
					"$(inherited)",
					"@executable_path/Frameworks",
				);
				MARKETING_VERSION = 0.001;
				PRODUCT_BUNDLE_IDENTIFIER = "Jorge-Zapata.Arrimo";
				PRODUCT_NAME = "$(TARGET_NAME)";
				SWIFT_VERSION = 5.0;
				TARGETED_DEVICE_FAMILY = "1,2";
			};
			name = Debug;
		};
		783017E72628B88E0030BA9F /* Release */ = {
			isa = XCBuildConfiguration;
			baseConfigurationReference = E4BB4CF1C0BADC9FF7DA582A /* Pods-Arrimo.release.xcconfig */;
			buildSettings = {
				ASSETCATALOG_COMPILER_APPICON_NAME = AppIcon;
				ASSETCATALOG_COMPILER_GLOBAL_ACCENT_COLOR_NAME = AccentColor;
				CODE_SIGN_ENTITLEMENTS = Arrimo/Arrimo.entitlements;
				CODE_SIGN_STYLE = Automatic;
				CURRENT_PROJECT_VERSION = 2;
				DEVELOPMENT_TEAM = ZH735L9VC9;
				INFOPLIST_FILE = "Arrimo/Supporting Files/Info.plist";
				LD_RUNPATH_SEARCH_PATHS = (
					"$(inherited)",
					"@executable_path/Frameworks",
				);
				MARKETING_VERSION = 0.001;
				PRODUCT_BUNDLE_IDENTIFIER = "Jorge-Zapata.Arrimo";
				PRODUCT_NAME = "$(TARGET_NAME)";
				SWIFT_VERSION = 5.0;
				TARGETED_DEVICE_FAMILY = "1,2";
			};
			name = Release;
		};
		783017E92628B88E0030BA9F /* Debug */ = {
			isa = XCBuildConfiguration;
			baseConfigurationReference = E7FB145EC7EBA6E192E26213 /* Pods-ArrimoTests.debug.xcconfig */;
			buildSettings = {
				ALWAYS_EMBED_SWIFT_STANDARD_LIBRARIES = YES;
				BUNDLE_LOADER = "$(TEST_HOST)";
				CODE_SIGN_STYLE = Automatic;
				DEVELOPMENT_TEAM = ZH735L9VC9;
				INFOPLIST_FILE = ArrimoTests/Info.plist;
				IPHONEOS_DEPLOYMENT_TARGET = 14.4;
				LD_RUNPATH_SEARCH_PATHS = (
					"$(inherited)",
					"@executable_path/Frameworks",
					"@loader_path/Frameworks",
				);
				PRODUCT_BUNDLE_IDENTIFIER = "Jorge-Zapata.ArrimoTests";
				PRODUCT_NAME = "$(TARGET_NAME)";
				SWIFT_VERSION = 5.0;
				TARGETED_DEVICE_FAMILY = "1,2";
				TEST_HOST = "$(BUILT_PRODUCTS_DIR)/Arrimo.app/Arrimo";
			};
			name = Debug;
		};
		783017EA2628B88E0030BA9F /* Release */ = {
			isa = XCBuildConfiguration;
			baseConfigurationReference = 3AA43B3FBC993C9B9CD456E8 /* Pods-ArrimoTests.release.xcconfig */;
			buildSettings = {
				ALWAYS_EMBED_SWIFT_STANDARD_LIBRARIES = YES;
				BUNDLE_LOADER = "$(TEST_HOST)";
				CODE_SIGN_STYLE = Automatic;
				DEVELOPMENT_TEAM = ZH735L9VC9;
				INFOPLIST_FILE = ArrimoTests/Info.plist;
				IPHONEOS_DEPLOYMENT_TARGET = 14.4;
				LD_RUNPATH_SEARCH_PATHS = (
					"$(inherited)",
					"@executable_path/Frameworks",
					"@loader_path/Frameworks",
				);
				PRODUCT_BUNDLE_IDENTIFIER = "Jorge-Zapata.ArrimoTests";
				PRODUCT_NAME = "$(TARGET_NAME)";
				SWIFT_VERSION = 5.0;
				TARGETED_DEVICE_FAMILY = "1,2";
				TEST_HOST = "$(BUILT_PRODUCTS_DIR)/Arrimo.app/Arrimo";
			};
			name = Release;
		};
		783017EC2628B88E0030BA9F /* Debug */ = {
			isa = XCBuildConfiguration;
			baseConfigurationReference = 4827BDA2BDBEBBDE96884378 /* Pods-Arrimo-ArrimoUITests.debug.xcconfig */;
			buildSettings = {
				ALWAYS_EMBED_SWIFT_STANDARD_LIBRARIES = YES;
				CODE_SIGN_STYLE = Automatic;
				DEVELOPMENT_TEAM = ZH735L9VC9;
				INFOPLIST_FILE = ArrimoUITests/Info.plist;
				LD_RUNPATH_SEARCH_PATHS = (
					"$(inherited)",
					"@executable_path/Frameworks",
					"@loader_path/Frameworks",
				);
				PRODUCT_BUNDLE_IDENTIFIER = "Jorge-Zapata.ArrimoUITests";
				PRODUCT_NAME = "$(TARGET_NAME)";
				SWIFT_VERSION = 5.0;
				TARGETED_DEVICE_FAMILY = "1,2";
				TEST_TARGET_NAME = Arrimo;
			};
			name = Debug;
		};
		783017ED2628B88E0030BA9F /* Release */ = {
			isa = XCBuildConfiguration;
			baseConfigurationReference = FEA7A619D65505AF37A14997 /* Pods-Arrimo-ArrimoUITests.release.xcconfig */;
			buildSettings = {
				ALWAYS_EMBED_SWIFT_STANDARD_LIBRARIES = YES;
				CODE_SIGN_STYLE = Automatic;
				DEVELOPMENT_TEAM = ZH735L9VC9;
				INFOPLIST_FILE = ArrimoUITests/Info.plist;
				LD_RUNPATH_SEARCH_PATHS = (
					"$(inherited)",
					"@executable_path/Frameworks",
					"@loader_path/Frameworks",
				);
				PRODUCT_BUNDLE_IDENTIFIER = "Jorge-Zapata.ArrimoUITests";
				PRODUCT_NAME = "$(TARGET_NAME)";
				SWIFT_VERSION = 5.0;
				TARGETED_DEVICE_FAMILY = "1,2";
				TEST_TARGET_NAME = Arrimo;
			};
			name = Release;
		};
/* End XCBuildConfiguration section */

/* Begin XCConfigurationList section */
		783017B62628B8870030BA9F /* Build configuration list for PBXProject "Arrimo" */ = {
			isa = XCConfigurationList;
			buildConfigurations = (
				783017E32628B88E0030BA9F /* Debug */,
				783017E42628B88E0030BA9F /* Release */,
			);
			defaultConfigurationIsVisible = 0;
			defaultConfigurationName = Release;
		};
		783017E52628B88E0030BA9F /* Build configuration list for PBXNativeTarget "Arrimo" */ = {
			isa = XCConfigurationList;
			buildConfigurations = (
				783017E62628B88E0030BA9F /* Debug */,
				783017E72628B88E0030BA9F /* Release */,
			);
			defaultConfigurationIsVisible = 0;
			defaultConfigurationName = Release;
		};
		783017E82628B88E0030BA9F /* Build configuration list for PBXNativeTarget "ArrimoTests" */ = {
			isa = XCConfigurationList;
			buildConfigurations = (
				783017E92628B88E0030BA9F /* Debug */,
				783017EA2628B88E0030BA9F /* Release */,
			);
			defaultConfigurationIsVisible = 0;
			defaultConfigurationName = Release;
		};
		783017EB2628B88E0030BA9F /* Build configuration list for PBXNativeTarget "ArrimoUITests" */ = {
			isa = XCConfigurationList;
			buildConfigurations = (
				783017EC2628B88E0030BA9F /* Debug */,
				783017ED2628B88E0030BA9F /* Release */,
			);
			defaultConfigurationIsVisible = 0;
			defaultConfigurationName = Release;
		};
/* End XCConfigurationList section */
	};
	rootObject = 783017B32628B8870030BA9F /* Project object */;
}
